
Microsoft Visual Studio Solution File, Format Version 12.00
# Visual Studio 2017
Project("{FAE04EC0-301F-11D3-BF4B-00C04F79EFBC}") = "flappybirdunity-2-aula5", "flappybirdunity-2-aula5.csproj", "{F786E7F4-1AC9-6060-DD44-F53240DFF334}"
EndProject
Global
	GlobalSection(SolutionConfigurationPlatforms) = preSolution
		Debug|Any CPU = Debug|Any CPU
		Release|Any CPU = Release|Any CPU
	EndGlobalSection
	GlobalSection(ProjectConfigurationPlatforms) = postSolution
		{F786E7F4-1AC9-6060-DD44-F53240DFF334}.Debug|Any CPU.ActiveCfg = Debug|Any CPU
		{F786E7F4-1AC9-6060-DD44-F53240DFF334}.Debug|Any CPU.Build.0 = Debug|Any CPU
		{F786E7F4-1AC9-6060-DD44-F53240DFF334}.Release|Any CPU.ActiveCfg = Release|Any CPU
		{F786E7F4-1AC9-6060-DD44-F53240DFF334}.Release|Any CPU.Build.0 = Release|Any CPU
	EndGlobalSection
	GlobalSection(SolutionProperties) = preSolution
		HideSolutionNode = FALSE
	EndGlobalSection
EndGlobal
